
Microsoft Visual Studio Solution File, Format Version 12.00
# Visual Studio 15
VisualStudioVersion = 15.0.28307.271
MinimumVisualStudioVersion = 10.0.40219.1
Project("{9A19103F-16F7-4668-BE54-9A1E7A4F7556}") = "LeetCode0001", "LeetCode0001\LeetCode0001.csproj", "{E527B9B5-78B7-4506-AF2E-DB64D047F97C}"
EndProject
Project("{9A19103F-16F7-4668-BE54-9A1E7A4F7556}") = "LeetCode0002", "LeetCode0002\LeetCode0002.csproj", "{4D7640A4-1BFB-41D6-83C6-B540D354DB1F}"
EndProject
Project("{FAE04EC0-301F-11D3-BF4B-00C04F79EFBC}") = "LeetCode0003", "LeetCode0003\LeetCode0003.csproj", "{E0FDEEF5-A413-4520-94AF-C0CAFADBF16D}"
EndProject
Global
	GlobalSection(SolutionConfigurationPlatforms) = preSolution
		Debug|Any CPU = Debug|Any CPU
		Release|Any CPU = Release|Any CPU
	EndGlobalSection
	GlobalSection(ProjectConfigurationPlatforms) = postSolution
		{E527B9B5-78B7-4506-AF2E-DB64D047F97C}.Debug|Any CPU.ActiveCfg = Debug|Any CPU
		{E527B9B5-78B7-4506-AF2E-DB64D047F97C}.Debug|Any CPU.Build.0 = Debug|Any CPU
		{E527B9B5-78B7-4506-AF2E-DB64D047F97C}.Release|Any CPU.ActiveCfg = Release|Any CPU
		{E527B9B5-78B7-4506-AF2E-DB64D047F97C}.Release|Any CPU.Build.0 = Release|Any CPU
		{4D7640A4-1BFB-41D6-83C6-B540D354DB1F}.Debug|Any CPU.ActiveCfg = Debug|Any CPU
		{4D7640A4-1BFB-41D6-83C6-B540D354DB1F}.Debug|Any CPU.Build.0 = Debug|Any CPU
		{4D7640A4-1BFB-41D6-83C6-B540D354DB1F}.Release|Any CPU.ActiveCfg = Release|Any CPU
		{4D7640A4-1BFB-41D6-83C6-B540D354DB1F}.Release|Any CPU.Build.0 = Release|Any CPU
		{E0FDEEF5-A413-4520-94AF-C0CAFADBF16D}.Debug|Any CPU.ActiveCfg = Debug|Any CPU
		{E0FDEEF5-A413-4520-94AF-C0CAFADBF16D}.Debug|Any CPU.Build.0 = Debug|Any CPU
		{E0FDEEF5-A413-4520-94AF-C0CAFADBF16D}.Release|Any CPU.ActiveCfg = Release|Any CPU
		{E0FDEEF5-A413-4520-94AF-C0CAFADBF16D}.Release|Any CPU.Build.0 = Release|Any CPU
	EndGlobalSection
	GlobalSection(SolutionProperties) = preSolution
		HideSolutionNode = FALSE
	EndGlobalSection
	GlobalSection(ExtensibilityGlobals) = postSolution
		SolutionGuid = {9D2D9A82-295B-4428-A060-46AE26F8A5A6}
	EndGlobalSection
EndGlobal
